
Microsoft Visual Studio Solution File, Format Version 12.00
# Visual Studio 15
VisualStudioVersion = 15.0.27130.2036
MinimumVisualStudioVersion = 10.0.40219.1
Project("{8BC9CEB8-8B4A-11D0-8D11-00A0C91BC942}") = "TextGame", "TextGame\TextGame.vcxproj", "{6327DB3C-89F6-4F6A-AFF9-67C936AF2D27}"
EndProject
Project("{8BC9CEB8-8B4A-11D0-8D11-00A0C91BC942}") = "freeglut3", "freeglut3\freeglut3.vcxproj", "{5A98782E-7027-46F9-91E1-E1EDE1E14BF4}"
EndProject
Project("{8BC9CEB8-8B4A-11D0-8D11-00A0C91BC942}") = "GeometryLib", "GeometryLib\GeometryLib.vcxproj", "{AABAE018-C8F6-4865-A0F9-E8E46DA55A2D}"
EndProject
Project("{8BC9CEB8-8B4A-11D0-8D11-00A0C91BC942}") = "OpenGLRenderer", "OpenGLRenderer\OpenGLRenderer.vcxproj", "{B16284D9-E609-4914-9459-0B65EE749489}"
EndProject
Project("{8BC9CEB8-8B4A-11D0-8D11-00A0C91BC942}") = "SOIL", "SOIL\projects\VC9\SOIL.vcxproj", "{C32FB2B4-500C-43CD-A099-EECCE079D3F1}"
EndProject
Project("{8BC9CEB8-8B4A-11D0-8D11-00A0C91BC942}") = "tinyxml2", "tinyxml2\tinyxml2.vcxproj", "{D1C528B6-AA02-4D29-9D61-DC08E317A70D}"
EndProject
Project("{8BC9CEB8-8B4A-11D0-8D11-00A0C91BC942}") = "WindowsUtils", "WindowsUtils\WindowsUtils.vcxproj", "{F32419BF-F083-4552-AA39-610898F34DBB}"
EndProject
Project("{2150E333-8FDC-42A3-9474-1A3956D46DE8}") = "aux-libs", "aux-libs", "{EC574D2D-27BE-4668-9BCF-33BA8878BF76}"
EndProject
Project("{8BC9CEB8-8B4A-11D0-8D11-00A0C91BC942}") = "RobotMind", "RobotMind\RobotMind.vcxproj", "{588EA9F4-F816-4950-9E68-777D875E86E8}"
EndProject
Global
	GlobalSection(SolutionConfigurationPlatforms) = preSolution
		Debug|x64 = Debug|x64
		Debug|x86 = Debug|x86
		Release|x64 = Release|x64
		Release|x86 = Release|x86
	EndGlobalSection
	GlobalSection(ProjectConfigurationPlatforms) = postSolution
		{6327DB3C-89F6-4F6A-AFF9-67C936AF2D27}.Debug|x64.ActiveCfg = Debug|x64
		{6327DB3C-89F6-4F6A-AFF9-67C936AF2D27}.Debug|x64.Build.0 = Debug|x64
		{6327DB3C-89F6-4F6A-AFF9-67C936AF2D27}.Debug|x86.ActiveCfg = Debug|Win32
		{6327DB3C-89F6-4F6A-AFF9-67C936AF2D27}.Debug|x86.Build.0 = Debug|Win32
		{6327DB3C-89F6-4F6A-AFF9-67C936AF2D27}.Release|x64.ActiveCfg = Release|x64
		{6327DB3C-89F6-4F6A-AFF9-67C936AF2D27}.Release|x64.Build.0 = Release|x64
		{6327DB3C-89F6-4F6A-AFF9-67C936AF2D27}.Release|x86.ActiveCfg = Release|Win32
		{6327DB3C-89F6-4F6A-AFF9-67C936AF2D27}.Release|x86.Build.0 = Release|Win32
		{5A98782E-7027-46F9-91E1-E1EDE1E14BF4}.Debug|x64.ActiveCfg = Debug|x64
		{5A98782E-7027-46F9-91E1-E1EDE1E14BF4}.Debug|x64.Build.0 = Debug|x64
		{5A98782E-7027-46F9-91E1-E1EDE1E14BF4}.Debug|x86.ActiveCfg = Debug|Win32
		{5A98782E-7027-46F9-91E1-E1EDE1E14BF4}.Debug|x86.Build.0 = Debug|Win32
		{5A98782E-7027-46F9-91E1-E1EDE1E14BF4}.Release|x64.ActiveCfg = Release|x64
		{5A98782E-7027-46F9-91E1-E1EDE1E14BF4}.Release|x64.Build.0 = Release|x64
		{5A98782E-7027-46F9-91E1-E1EDE1E14BF4}.Release|x86.ActiveCfg = Release|Win32
		{5A98782E-7027-46F9-91E1-E1EDE1E14BF4}.Release|x86.Build.0 = Release|Win32
		{AABAE018-C8F6-4865-A0F9-E8E46DA55A2D}.Debug|x64.ActiveCfg = Debug|x64
		{AABAE018-C8F6-4865-A0F9-E8E46DA55A2D}.Debug|x64.Build.0 = Debug|x64
		{AABAE018-C8F6-4865-A0F9-E8E46DA55A2D}.Debug|x86.ActiveCfg = Debug|Win32
		{AABAE018-C8F6-4865-A0F9-E8E46DA55A2D}.Debug|x86.Build.0 = Debug|Win32
		{AABAE018-C8F6-4865-A0F9-E8E46DA55A2D}.Release|x64.ActiveCfg = Release|x64
		{AABAE018-C8F6-4865-A0F9-E8E46DA55A2D}.Release|x64.Build.0 = Release|x64
		{AABAE018-C8F6-4865-A0F9-E8E46DA55A2D}.Release|x86.ActiveCfg = Release|Win32
		{AABAE018-C8F6-4865-A0F9-E8E46DA55A2D}.Release|x86.Build.0 = Release|Win32
		{B16284D9-E609-4914-9459-0B65EE749489}.Debug|x64.ActiveCfg = Debug|x64
		{B16284D9-E609-4914-9459-0B65EE749489}.Debug|x64.Build.0 = Debug|x64
		{B16284D9-E609-4914-9459-0B65EE749489}.Debug|x86.ActiveCfg = Debug|Win32
		{B16284D9-E609-4914-9459-0B65EE749489}.Debug|x86.Build.0 = Debug|Win32
		{B16284D9-E609-4914-9459-0B65EE749489}.Release|x64.ActiveCfg = Release|x64
		{B16284D9-E609-4914-9459-0B65EE749489}.Release|x64.Build.0 = Release|x64
		{B16284D9-E609-4914-9459-0B65EE749489}.Release|x86.ActiveCfg = Release|Win32
		{B16284D9-E609-4914-9459-0B65EE749489}.Release|x86.Build.0 = Release|Win32
		{C32FB2B4-500C-43CD-A099-EECCE079D3F1}.Debug|x64.ActiveCfg = Debug|x64
		{C32FB2B4-500C-43CD-A099-EECCE079D3F1}.Debug|x64.Build.0 = Debug|x64
		{C32FB2B4-500C-43CD-A099-EECCE079D3F1}.Debug|x86.ActiveCfg = Debug|Win32
		{C32FB2B4-500C-43CD-A099-EECCE079D3F1}.Debug|x86.Build.0 = Debug|Win32
		{C32FB2B4-500C-43CD-A099-EECCE079D3F1}.Release|x64.ActiveCfg = Release|x64
		{C32FB2B4-500C-43CD-A099-EECCE079D3F1}.Release|x64.Build.0 = Release|x64
		{C32FB2B4-500C-43CD-A099-EECCE079D3F1}.Release|x86.ActiveCfg = Release|Win32
		{C32FB2B4-500C-43CD-A099-EECCE079D3F1}.Release|x86.Build.0 = Release|Win32
		{D1C528B6-AA02-4D29-9D61-DC08E317A70D}.Debug|x64.ActiveCfg = Debug|x64
		{D1C528B6-AA02-4D29-9D61-DC08E317A70D}.Debug|x64.Build.0 = Debug|x64
		{D1C528B6-AA02-4D29-9D61-DC08E317A70D}.Debug|x86.ActiveCfg = Debug|Win32
		{D1C528B6-AA02-4D29-9D61-DC08E317A70D}.Debug|x86.Build.0 = Debug|Win32
		{D1C528B6-AA02-4D29-9D61-DC08E317A70D}.Release|x64.ActiveCfg = Release|x64
		{D1C528B6-AA02-4D29-9D61-DC08E317A70D}.Release|x64.Build.0 = Release|x64
		{D1C528B6-AA02-4D29-9D61-DC08E317A70D}.Release|x86.ActiveCfg = Release|Win32
		{D1C528B6-AA02-4D29-9D61-DC08E317A70D}.Release|x86.Build.0 = Release|Win32
		{F32419BF-F083-4552-AA39-610898F34DBB}.Debug|x64.ActiveCfg = Debug|x64
		{F32419BF-F083-4552-AA39-610898F34DBB}.Debug|x64.Build.0 = Debug|x64
		{F32419BF-F083-4552-AA39-610898F34DBB}.Debug|x86.ActiveCfg = Debug|Win32
		{F32419BF-F083-4552-AA39-610898F34DBB}.Debug|x86.Build.0 = Debug|Win32
		{F32419BF-F083-4552-AA39-610898F34DBB}.Release|x64.ActiveCfg = Release|x64
		{F32419BF-F083-4552-AA39-610898F34DBB}.Release|x64.Build.0 = Release|x64
		{F32419BF-F083-4552-AA39-610898F34DBB}.Release|x86.ActiveCfg = Release|Win32
		{F32419BF-F083-4552-AA39-610898F34DBB}.Release|x86.Build.0 = Release|Win32
		{588EA9F4-F816-4950-9E68-777D875E86E8}.Debug|x64.ActiveCfg = Debug|x64
		{588EA9F4-F816-4950-9E68-777D875E86E8}.Debug|x64.Build.0 = Debug|x64
		{588EA9F4-F816-4950-9E68-777D875E86E8}.Debug|x86.ActiveCfg = Debug|Win32
		{588EA9F4-F816-4950-9E68-777D875E86E8}.Debug|x86.Build.0 = Debug|Win32
		{588EA9F4-F816-4950-9E68-777D875E86E8}.Release|x64.ActiveCfg = Release|x64
		{588EA9F4-F816-4950-9E68-777D875E86E8}.Release|x64.Build.0 = Release|x64
		{588EA9F4-F816-4950-9E68-777D875E86E8}.Release|x86.ActiveCfg = Release|Win32
		{588EA9F4-F816-4950-9E68-777D875E86E8}.Release|x86.Build.0 = Release|Win32
	EndGlobalSection
	GlobalSection(SolutionProperties) = preSolution
		HideSolutionNode = FALSE
	EndGlobalSection
	GlobalSection(NestedProjects) = preSolution
		{5A98782E-7027-46F9-91E1-E1EDE1E14BF4} = {EC574D2D-27BE-4668-9BCF-33BA8878BF76}
		{AABAE018-C8F6-4865-A0F9-E8E46DA55A2D} = {EC574D2D-27BE-4668-9BCF-33BA8878BF76}
		{B16284D9-E609-4914-9459-0B65EE749489} = {EC574D2D-27BE-4668-9BCF-33BA8878BF76}
		{C32FB2B4-500C-43CD-A099-EECCE079D3F1} = {EC574D2D-27BE-4668-9BCF-33BA8878BF76}
		{D1C528B6-AA02-4D29-9D61-DC08E317A70D} = {EC574D2D-27BE-4668-9BCF-33BA8878BF76}
		{F32419BF-F083-4552-AA39-610898F34DBB} = {EC574D2D-27BE-4668-9BCF-33BA8878BF76}
	EndGlobalSection
	GlobalSection(ExtensibilityGlobals) = postSolution
		SolutionGuid = {F5AD2C37-0895-499F-BB73-CD136BEBAE3F}
	EndGlobalSection
EndGlobal
